<?xml version="1.0" encoding="utf-8"?>
<Project ToolsVersion="4.0" xmlns="http://schemas.microsoft.com/developer/msbuild/2003">
  <ItemGroup>
    <ClCompile Include="Audio.cpp">
      <Filter>Sourcefiles</Filter>
    </ClCompile>
    <ClCompile Include="Camera.cpp">
      <Filter>Sourcefiles</Filter>
    </ClCompile>
    <ClCompile Include="DirectionalLight.cpp">
      <Filter>Sourcefiles</Filter>
    </ClCompile>
    <ClCompile Include="Light.cpp">
      <Filter>Sourcefiles</Filter>
    </ClCompile>
    <ClCompile Include="Material.cpp">
      <Filter>Sourcefiles</Filter>
    </ClCompile>
    <ClCompile Include="Mesh.cpp">
      <Filter>Sourcefiles</Filter>
    </ClCompile>
    <ClCompile Include="OmniShadowMap.cpp">
      <Filter>Sourcefiles</Filter>
    </ClCompile>
    <ClCompile Include="PointLight.cpp">
      <Filter>Sourcefiles</Filter>
    </ClCompile>
    <ClCompile Include="Shader.cpp">
      <Filter>Sourcefiles</Filter>
    </ClCompile>
    <ClCompile Include="ShadowMap.cpp">
      <Filter>Sourcefiles</Filter>
    </ClCompile>
    <ClCompile Include="Skybox.cpp">
      <Filter>Sourcefiles</Filter>
    </ClCompile>
    <ClCompile Include="SpotLight.cpp">
      <Filter>Sourcefiles</Filter>
    </ClCompile>
    <ClCompile Include="Texture.cpp">
      <Filter>Sourcefiles</Filter>
    </ClCompile>
    <ClCompile Include="Util.cpp">
      <Filter>Sourcefiles</Filter>
    </ClCompile>
    <ClCompile Include="Window.cpp">
      <Filter>Sourcefiles</Filter>
    </ClCompile>
    <ClCompile Include="main.cpp">
      <Filter>Start</Filter>
    </ClCompile>
    <ClCompile Include="GameObject.cpp">
      <Filter>Sourcefiles</Filter>
    </ClCompile>
    <ClCompile Include="ParticleEffect.cpp">
      <Filter>Sourcefiles</Filter>
    </ClCompile>
    <ClCompile Include="LOD.cpp">
      <Filter>Sourcefiles</Filter>
    </ClCompile>
    <ClCompile Include="..\External Libraries\imgui-1.65\imgui.cpp">
      <Filter>ImgUi</Filter>
    </ClCompile>
    <ClCompile Include="..\External Libraries\imgui-1.65\imgui_demo.cpp">
      <Filter>ImgUi</Filter>
    </ClCompile>
    <ClCompile Include="..\External Libraries\imgui-1.65\imgui_draw.cpp">
      <Filter>ImgUi</Filter>
    </ClCompile>
    <ClCompile Include="..\External Libraries\imgui-1.65\imgui_widgets.cpp">
      <Filter>ImgUi</Filter>
    </ClCompile>
    <ClCompile Include="..\External Libraries\imgui-1.65\examples\imgui_impl_glfw.cpp">
      <Filter>ImgUi</Filter>
    </ClCompile>
    <ClCompile Include="..\External Libraries\imgui-1.65\examples\imgui_impl_opengl3.cpp">
      <Filter>ImgUi</Filter>
    </ClCompile>
    <ClCompile Include="Ui.cpp">
      <Filter>Sourcefiles</Filter>
    </ClCompile>
    <ClCompile Include="Transform.cpp">
      <Filter>Headerfiles\Components</Filter>
    </ClCompile>
    <ClCompile Include="Object.cpp">
      <Filter>Headerfiles\Components</Filter>
    </ClCompile>
    <ClCompile Include="RootManager.cpp">
      <Filter>Sourcefiles</Filter>
    </ClCompile>
  </ItemGroup>
  <ItemGroup>
    <ClInclude Include="Audio.h">
      <Filter>Headerfiles</Filter>
    </ClInclude>
    <ClInclude Include="Camera.h">
      <Filter>Headerfiles</Filter>
    </ClInclude>
    <ClInclude Include="CommonValues.h">
      <Filter>Headerfiles</Filter>
    </ClInclude>
    <ClInclude Include="DirectionalLight.h">
      <Filter>Headerfiles</Filter>
    </ClInclude>
    <ClInclude Include="Light.h">
      <Filter>Headerfiles</Filter>
    </ClInclude>
    <ClInclude Include="Material.h">
      <Filter>Headerfiles</Filter>
    </ClInclude>
    <ClInclude Include="Mesh.h">
      <Filter>Headerfiles</Filter>
    </ClInclude>
    <ClInclude Include="OmniShadowMap.h">
      <Filter>Headerfiles</Filter>
    </ClInclude>
    <ClInclude Include="PointLight.h">
      <Filter>Headerfiles</Filter>
    </ClInclude>
    <ClInclude Include="Shader.h">
      <Filter>Headerfiles</Filter>
    </ClInclude>
    <ClInclude Include="ShadowMap.h">
      <Filter>Headerfiles</Filter>
    </ClInclude>
    <ClInclude Include="Skybox.h">
      <Filter>Headerfiles</Filter>
    </ClInclude>
    <ClInclude Include="SpotLight.h">
      <Filter>Headerfiles</Filter>
    </ClInclude>
    <ClInclude Include="Texture.h">
      <Filter>Headerfiles</Filter>
    </ClInclude>
    <ClInclude Include="Util.h">
      <Filter>Headerfiles</Filter>
    </ClInclude>
    <ClInclude Include="Window.h">
      <Filter>Headerfiles</Filter>
    </ClInclude>
    <ClInclude Include="main.h">
      <Filter>Start</Filter>
    </ClInclude>
    <ClInclude Include="GameObject.h">
      <Filter>Headerfiles</Filter>
    </ClInclude>
    <ClInclude Include="LOD.h">
      <Filter>Headerfiles</Filter>
    </ClInclude>
    <ClInclude Include="ParticleEffect.h">
      <Filter>Headerfiles</Filter>
    </ClInclude>
    <ClInclude Include="..\External Libraries\imgui-1.65\imconfig.h">
      <Filter>ImgUi</Filter>
    </ClInclude>
    <ClInclude Include="..\External Libraries\imgui-1.65\imgui.h">
      <Filter>ImgUi</Filter>
    </ClInclude>
    <ClInclude Include="..\External Libraries\imgui-1.65\imgui_internal.h">
      <Filter>ImgUi</Filter>
    </ClInclude>
    <ClInclude Include="..\External Libraries\imgui-1.65\examples\imgui_impl_glfw.h">
      <Filter>ImgUi</Filter>
    </ClInclude>
    <ClInclude Include="..\External Libraries\imgui-1.65\examples\imgui_impl_opengl3.h">
      <Filter>ImgUi</Filter>
    </ClInclude>
    <ClInclude Include="Ui.h">
      <Filter>Headerfiles</Filter>
    </ClInclude>
    <ClInclude Include="Transform.h">
      <Filter>Headerfiles\Components</Filter>
    </ClInclude>
    <ClInclude Include="Components.h">
      <Filter>Headerfiles\Components</Filter>
    </ClInclude>
    <ClInclude Include="Object.h">
      <Filter>Headerfiles\Components</Filter>
    </ClInclude>
    <ClInclude Include="Vector3.h">
      <Filter>Headerfiles\Math</Filter>
    </ClInclude>
    <ClInclude Include="Vector2.h">
      <Filter>Headerfiles\Math</Filter>
    </ClInclude>
    <ClInclude Include="RootManager.h">
      <Filter>Headerfiles</Filter>
    </ClInclude>
    <ClInclude Include="ECManager.h">
      <Filter>Headerfiles\Components</Filter>
    </ClInclude>
  </ItemGroup>
  <ItemGroup>
    <Filter Include="Headerfiles">
      <UniqueIdentifier>{c75bf2de-7e3f-45d9-b85e-8a23614bdafd}</UniqueIdentifier>
    </Filter>
    <Filter Include="Sourcefiles">
      <UniqueIdentifier>{33dce1f5-6279-43b9-89f2-54e43840811f}</UniqueIdentifier>
    </Filter>
    <Filter Include="Start">
      <UniqueIdentifier>{d67885f0-8a7e-485a-a9c0-e83220a1e0d1}</UniqueIdentifier>
    </Filter>
    <Filter Include="ImgUi">
      <UniqueIdentifier>{9f59596f-c69f-461e-8af9-3b7e489a573d}</UniqueIdentifier>
    </Filter>
    <Filter Include="Headerfiles\Components">
      <UniqueIdentifier>{e338f8a4-ab37-4594-943d-aa24c12eaa2e}</UniqueIdentifier>
    </Filter>
    <Filter Include="Headerfiles\Math">
      <UniqueIdentifier>{efdfc1d6-8762-4f5b-8bf6-a88acc00642b}</UniqueIdentifier>
    </Filter>
  </ItemGroup>
</Project>