Microsoft Visual Studio Solution File, Format Version 12.00
# Visual Studio 15
Project("{8BC9CEB8-8B4A-11D0-8D11-00A0C91BC942}") = "ALL_BUILD", "ALL_BUILD.vcxproj", "{67B52C16-A789-334D-A387-3FF05F07EF13}"
	ProjectSection(ProjectDependencies) = postProject
		{AB8654C2-97E9-3573-B7E4-186ACE2A54F2} = {AB8654C2-97E9-3573-B7E4-186ACE2A54F2}
		{710F48C3-5DDD-353F-992E-59211C73E494} = {710F48C3-5DDD-353F-992E-59211C73E494}
		{395F1074-B3A1-3C4F-B3A2-087F32742615} = {395F1074-B3A1-3C4F-B3A2-087F32742615}
		{E95F1FE8-68F8-39B7-85D6-D36FC5EFF74B} = {E95F1FE8-68F8-39B7-85D6-D36FC5EFF74B}
		{DFF71D67-CA90-3087-9FFC-DA2E8A24C620} = {DFF71D67-CA90-3087-9FFC-DA2E8A24C620}
		{1CE64C40-1069-3535-AE17-3D7B9CC46349} = {1CE64C40-1069-3535-AE17-3D7B9CC46349}
		{9B1D5B2A-47CD-3D53-BD7D-DBAA0BA7E2B4} = {9B1D5B2A-47CD-3D53-BD7D-DBAA0BA7E2B4}
		{729A1E54-2C43-35A9-A49E-566639DE5CE0} = {729A1E54-2C43-35A9-A49E-566639DE5CE0}
	EndProjectSection
EndProject
Project("{8BC9CEB8-8B4A-11D0-8D11-00A0C91BC942}") = "Continuous", "test\Continuous.vcxproj", "{7D5DD602-44AC-325B-B776-9472F21062A0}"
	ProjectSection(ProjectDependencies) = postProject
		{710F48C3-5DDD-353F-992E-59211C73E494} = {710F48C3-5DDD-353F-992E-59211C73E494}
	EndProjectSection
EndProject
Project("{8BC9CEB8-8B4A-11D0-8D11-00A0C91BC942}") = "Experimental", "test\Experimental.vcxproj", "{7EAE073B-5E4D-3226-B073-58647F8AC42C}"
	ProjectSection(ProjectDependencies) = postProject
		{710F48C3-5DDD-353F-992E-59211C73E494} = {710F48C3-5DDD-353F-992E-59211C73E494}
	EndProjectSection
EndProject
Project("{8BC9CEB8-8B4A-11D0-8D11-00A0C91BC942}") = "INSTALL", "INSTALL.vcxproj", "{21BF63B4-A3A6-3EB6-B30A-63B3E18DB98D}"
	ProjectSection(ProjectDependencies) = postProject
		{67B52C16-A789-334D-A387-3FF05F07EF13} = {67B52C16-A789-334D-A387-3FF05F07EF13}
		{710F48C3-5DDD-353F-992E-59211C73E494} = {710F48C3-5DDD-353F-992E-59211C73E494}
	EndProjectSection
EndProject
Project("{8BC9CEB8-8B4A-11D0-8D11-00A0C91BC942}") = "IrrXML", "contrib\irrXML\IrrXML.vcxproj", "{AB8654C2-97E9-3573-B7E4-186ACE2A54F2}"
	ProjectSection(ProjectDependencies) = postProject
		{710F48C3-5DDD-353F-992E-59211C73E494} = {710F48C3-5DDD-353F-992E-59211C73E494}
	EndProjectSection
EndProject
Project("{8BC9CEB8-8B4A-11D0-8D11-00A0C91BC942}") = "Nightly", "test\Nightly.vcxproj", "{F5DB87F2-32F8-3CBC-A898-AACF5F7F67C9}"
	ProjectSection(ProjectDependencies) = postProject
		{710F48C3-5DDD-353F-992E-59211C73E494} = {710F48C3-5DDD-353F-992E-59211C73E494}
	EndProjectSection
EndProject
Project("{8BC9CEB8-8B4A-11D0-8D11-00A0C91BC942}") = "NightlyMemoryCheck", "test\NightlyMemoryCheck.vcxproj", "{73BE0ED8-33FB-3FD0-AA33-178AB2FD94A1}"
	ProjectSection(ProjectDependencies) = postProject
		{710F48C3-5DDD-353F-992E-59211C73E494} = {710F48C3-5DDD-353F-992E-59211C73E494}
	EndProjectSection
EndProject
Project("{8BC9CEB8-8B4A-11D0-8D11-00A0C91BC942}") = "UpdateAssimpLibsDebugSymbolsAndDLLs", "UpdateAssimpLibsDebugSymbolsAndDLLs.vcxproj", "{685A4096-D539-3ADC-A0C2-8FB8B9CCACF7}"
	ProjectSection(ProjectDependencies) = postProject
		{710F48C3-5DDD-353F-992E-59211C73E494} = {710F48C3-5DDD-353F-992E-59211C73E494}
	EndProjectSection
EndProject
Project("{8BC9CEB8-8B4A-11D0-8D11-00A0C91BC942}") = "ZERO_CHECK", "ZERO_CHECK.vcxproj", "{710F48C3-5DDD-353F-992E-59211C73E494}"
	ProjectSection(ProjectDependencies) = postProject
	EndProjectSection
EndProject
Project("{8BC9CEB8-8B4A-11D0-8D11-00A0C91BC942}") = "assimp", "code\assimp.vcxproj", "{395F1074-B3A1-3C4F-B3A2-087F32742615}"
	ProjectSection(ProjectDependencies) = postProject
		{AB8654C2-97E9-3573-B7E4-186ACE2A54F2} = {AB8654C2-97E9-3573-B7E4-186ACE2A54F2}
		{710F48C3-5DDD-353F-992E-59211C73E494} = {710F48C3-5DDD-353F-992E-59211C73E494}
		{729A1E54-2C43-35A9-A49E-566639DE5CE0} = {729A1E54-2C43-35A9-A49E-566639DE5CE0}
	EndProjectSection
EndProject
Project("{8BC9CEB8-8B4A-11D0-8D11-00A0C91BC942}") = "assimp_cmd", "tools\assimp_cmd\assimp_cmd.vcxproj", "{E95F1FE8-68F8-39B7-85D6-D36FC5EFF74B}"
	ProjectSection(ProjectDependencies) = postProject
		{AB8654C2-97E9-3573-B7E4-186ACE2A54F2} = {AB8654C2-97E9-3573-B7E4-186ACE2A54F2}
		{710F48C3-5DDD-353F-992E-59211C73E494} = {710F48C3-5DDD-353F-992E-59211C73E494}
		{395F1074-B3A1-3C4F-B3A2-087F32742615} = {395F1074-B3A1-3C4F-B3A2-087F32742615}
		{729A1E54-2C43-35A9-A49E-566639DE5CE0} = {729A1E54-2C43-35A9-A49E-566639DE5CE0}
	EndProjectSection
EndProject
Project("{8BC9CEB8-8B4A-11D0-8D11-00A0C91BC942}") = "assimp_viewer", "tools\assimp_view\assimp_viewer.vcxproj", "{DFF71D67-CA90-3087-9FFC-DA2E8A24C620}"
	ProjectSection(ProjectDependencies) = postProject
		{AB8654C2-97E9-3573-B7E4-186ACE2A54F2} = {AB8654C2-97E9-3573-B7E4-186ACE2A54F2}
		{710F48C3-5DDD-353F-992E-59211C73E494} = {710F48C3-5DDD-353F-992E-59211C73E494}
		{395F1074-B3A1-3C4F-B3A2-087F32742615} = {395F1074-B3A1-3C4F-B3A2-087F32742615}
		{729A1E54-2C43-35A9-A49E-566639DE5CE0} = {729A1E54-2C43-35A9-A49E-566639DE5CE0}
	EndProjectSection
EndProject
Project("{8BC9CEB8-8B4A-11D0-8D11-00A0C91BC942}") = "uninstall", "uninstall.vcxproj", "{D258370C-BDA5-3527-882A-1A2FE8E3A6BC}"
	ProjectSection(ProjectDependencies) = postProject
		{710F48C3-5DDD-353F-992E-59211C73E494} = {710F48C3-5DDD-353F-992E-59211C73E494}
	EndProjectSection
EndProject
Project("{8BC9CEB8-8B4A-11D0-8D11-00A0C91BC942}") = "unit", "test\unit.vcxproj", "{1CE64C40-1069-3535-AE17-3D7B9CC46349}"
	ProjectSection(ProjectDependencies) = postProject
		{AB8654C2-97E9-3573-B7E4-186ACE2A54F2} = {AB8654C2-97E9-3573-B7E4-186ACE2A54F2}
		{710F48C3-5DDD-353F-992E-59211C73E494} = {710F48C3-5DDD-353F-992E-59211C73E494}
		{395F1074-B3A1-3C4F-B3A2-087F32742615} = {395F1074-B3A1-3C4F-B3A2-087F32742615}
		{729A1E54-2C43-35A9-A49E-566639DE5CE0} = {729A1E54-2C43-35A9-A49E-566639DE5CE0}
	EndProjectSection
EndProject
Project("{8BC9CEB8-8B4A-11D0-8D11-00A0C91BC942}") = "zlib", "contrib\zlib\zlib.vcxproj", "{9B1D5B2A-47CD-3D53-BD7D-DBAA0BA7E2B4}"
	ProjectSection(ProjectDependencies) = postProject
		{710F48C3-5DDD-353F-992E-59211C73E494} = {710F48C3-5DDD-353F-992E-59211C73E494}
	EndProjectSection
EndProject
Project("{8BC9CEB8-8B4A-11D0-8D11-00A0C91BC942}") = "zlibstatic", "contrib\zlib\zlibstatic.vcxproj", "{729A1E54-2C43-35A9-A49E-566639DE5CE0}"
	ProjectSection(ProjectDependencies) = postProject
		{710F48C3-5DDD-353F-992E-59211C73E494} = {710F48C3-5DDD-353F-992E-59211C73E494}
	EndProjectSection
EndProject
Global
	GlobalSection(SolutionConfigurationPlatforms) = preSolution
		Debug|Win32 = Debug|Win32
		Release|Win32 = Release|Win32
		MinSizeRel|Win32 = MinSizeRel|Win32
		RelWithDebInfo|Win32 = RelWithDebInfo|Win32
	EndGlobalSection
	GlobalSection(ProjectConfigurationPlatforms) = postSolution
		{67B52C16-A789-334D-A387-3FF05F07EF13}.Debug|Win32.ActiveCfg = Debug|Win32
		{67B52C16-A789-334D-A387-3FF05F07EF13}.Debug|Win32.Build.0 = Debug|Win32
		{67B52C16-A789-334D-A387-3FF05F07EF13}.Release|Win32.ActiveCfg = Release|Win32
		{67B52C16-A789-334D-A387-3FF05F07EF13}.Release|Win32.Build.0 = Release|Win32
		{67B52C16-A789-334D-A387-3FF05F07EF13}.MinSizeRel|Win32.ActiveCfg = MinSizeRel|Win32
		{67B52C16-A789-334D-A387-3FF05F07EF13}.MinSizeRel|Win32.Build.0 = MinSizeRel|Win32
		{67B52C16-A789-334D-A387-3FF05F07EF13}.RelWithDebInfo|Win32.ActiveCfg = RelWithDebInfo|Win32
		{67B52C16-A789-334D-A387-3FF05F07EF13}.RelWithDebInfo|Win32.Build.0 = RelWithDebInfo|Win32
		{7D5DD602-44AC-325B-B776-9472F21062A0}.Debug|Win32.ActiveCfg = Debug|Win32
		{7D5DD602-44AC-325B-B776-9472F21062A0}.Release|Win32.ActiveCfg = Release|Win32
		{7D5DD602-44AC-325B-B776-9472F21062A0}.MinSizeRel|Win32.ActiveCfg = MinSizeRel|Win32
		{7D5DD602-44AC-325B-B776-9472F21062A0}.RelWithDebInfo|Win32.ActiveCfg = RelWithDebInfo|Win32
		{7EAE073B-5E4D-3226-B073-58647F8AC42C}.Debug|Win32.ActiveCfg = Debug|Win32
		{7EAE073B-5E4D-3226-B073-58647F8AC42C}.Release|Win32.ActiveCfg = Release|Win32
		{7EAE073B-5E4D-3226-B073-58647F8AC42C}.MinSizeRel|Win32.ActiveCfg = MinSizeRel|Win32
		{7EAE073B-5E4D-3226-B073-58647F8AC42C}.RelWithDebInfo|Win32.ActiveCfg = RelWithDebInfo|Win32
		{21BF63B4-A3A6-3EB6-B30A-63B3E18DB98D}.Debug|Win32.ActiveCfg = Debug|Win32
		{21BF63B4-A3A6-3EB6-B30A-63B3E18DB98D}.Release|Win32.ActiveCfg = Release|Win32
		{21BF63B4-A3A6-3EB6-B30A-63B3E18DB98D}.MinSizeRel|Win32.ActiveCfg = MinSizeRel|Win32
		{21BF63B4-A3A6-3EB6-B30A-63B3E18DB98D}.RelWithDebInfo|Win32.ActiveCfg = RelWithDebInfo|Win32
		{AB8654C2-97E9-3573-B7E4-186ACE2A54F2}.Debug|Win32.ActiveCfg = Debug|Win32
		{AB8654C2-97E9-3573-B7E4-186ACE2A54F2}.Debug|Win32.Build.0 = Debug|Win32
		{AB8654C2-97E9-3573-B7E4-186ACE2A54F2}.Release|Win32.ActiveCfg = Release|Win32
		{AB8654C2-97E9-3573-B7E4-186ACE2A54F2}.Release|Win32.Build.0 = Release|Win32
		{AB8654C2-97E9-3573-B7E4-186ACE2A54F2}.MinSizeRel|Win32.ActiveCfg = MinSizeRel|Win32
		{AB8654C2-97E9-3573-B7E4-186ACE2A54F2}.MinSizeRel|Win32.Build.0 = MinSizeRel|Win32
		{AB8654C2-97E9-3573-B7E4-186ACE2A54F2}.RelWithDebInfo|Win32.ActiveCfg = RelWithDebInfo|Win32
		{AB8654C2-97E9-3573-B7E4-186ACE2A54F2}.RelWithDebInfo|Win32.Build.0 = RelWithDebInfo|Win32
		{F5DB87F2-32F8-3CBC-A898-AACF5F7F67C9}.Debug|Win32.ActiveCfg = Debug|Win32
		{F5DB87F2-32F8-3CBC-A898-AACF5F7F67C9}.Release|Win32.ActiveCfg = Release|Win32
		{F5DB87F2-32F8-3CBC-A898-AACF5F7F67C9}.MinSizeRel|Win32.ActiveCfg = MinSizeRel|Win32
		{F5DB87F2-32F8-3CBC-A898-AACF5F7F67C9}.RelWithDebInfo|Win32.ActiveCfg = RelWithDebInfo|Win32
		{73BE0ED8-33FB-3FD0-AA33-178AB2FD94A1}.Debug|Win32.ActiveCfg = Debug|Win32
		{73BE0ED8-33FB-3FD0-AA33-178AB2FD94A1}.Release|Win32.ActiveCfg = Release|Win32
		{73BE0ED8-33FB-3FD0-AA33-178AB2FD94A1}.MinSizeRel|Win32.ActiveCfg = MinSizeRel|Win32
		{73BE0ED8-33FB-3FD0-AA33-178AB2FD94A1}.RelWithDebInfo|Win32.ActiveCfg = RelWithDebInfo|Win32
		{685A4096-D539-3ADC-A0C2-8FB8B9CCACF7}.Debug|Win32.ActiveCfg = Debug|Win32
		{685A4096-D539-3ADC-A0C2-8FB8B9CCACF7}.Release|Win32.ActiveCfg = Release|Win32
		{685A4096-D539-3ADC-A0C2-8FB8B9CCACF7}.MinSizeRel|Win32.ActiveCfg = MinSizeRel|Win32
		{685A4096-D539-3ADC-A0C2-8FB8B9CCACF7}.RelWithDebInfo|Win32.ActiveCfg = RelWithDebInfo|Win32
		{710F48C3-5DDD-353F-992E-59211C73E494}.Debug|Win32.ActiveCfg = Debug|Win32
		{710F48C3-5DDD-353F-992E-59211C73E494}.Debug|Win32.Build.0 = Debug|Win32
		{710F48C3-5DDD-353F-992E-59211C73E494}.Release|Win32.ActiveCfg = Release|Win32
		{710F48C3-5DDD-353F-992E-59211C73E494}.Release|Win32.Build.0 = Release|Win32
		{710F48C3-5DDD-353F-992E-59211C73E494}.MinSizeRel|Win32.ActiveCfg = MinSizeRel|Win32
		{710F48C3-5DDD-353F-992E-59211C73E494}.MinSizeRel|Win32.Build.0 = MinSizeRel|Win32
		{710F48C3-5DDD-353F-992E-59211C73E494}.RelWithDebInfo|Win32.ActiveCfg = RelWithDebInfo|Win32
		{710F48C3-5DDD-353F-992E-59211C73E494}.RelWithDebInfo|Win32.Build.0 = RelWithDebInfo|Win32
		{395F1074-B3A1-3C4F-B3A2-087F32742615}.Debug|Win32.ActiveCfg = Debug|Win32
		{395F1074-B3A1-3C4F-B3A2-087F32742615}.Debug|Win32.Build.0 = Debug|Win32
		{395F1074-B3A1-3C4F-B3A2-087F32742615}.Release|Win32.ActiveCfg = Release|Win32
		{395F1074-B3A1-3C4F-B3A2-087F32742615}.Release|Win32.Build.0 = Release|Win32
		{395F1074-B3A1-3C4F-B3A2-087F32742615}.MinSizeRel|Win32.ActiveCfg = MinSizeRel|Win32
		{395F1074-B3A1-3C4F-B3A2-087F32742615}.MinSizeRel|Win32.Build.0 = MinSizeRel|Win32
		{395F1074-B3A1-3C4F-B3A2-087F32742615}.RelWithDebInfo|Win32.ActiveCfg = RelWithDebInfo|Win32
		{395F1074-B3A1-3C4F-B3A2-087F32742615}.RelWithDebInfo|Win32.Build.0 = RelWithDebInfo|Win32
		{E95F1FE8-68F8-39B7-85D6-D36FC5EFF74B}.Debug|Win32.ActiveCfg = Debug|Win32
		{E95F1FE8-68F8-39B7-85D6-D36FC5EFF74B}.Debug|Win32.Build.0 = Debug|Win32
		{E95F1FE8-68F8-39B7-85D6-D36FC5EFF74B}.Release|Win32.ActiveCfg = Release|Win32
		{E95F1FE8-68F8-39B7-85D6-D36FC5EFF74B}.Release|Win32.Build.0 = Release|Win32
		{E95F1FE8-68F8-39B7-85D6-D36FC5EFF74B}.MinSizeRel|Win32.ActiveCfg = MinSizeRel|Win32
		{E95F1FE8-68F8-39B7-85D6-D36FC5EFF74B}.MinSizeRel|Win32.Build.0 = MinSizeRel|Win32
		{E95F1FE8-68F8-39B7-85D6-D36FC5EFF74B}.RelWithDebInfo|Win32.ActiveCfg = RelWithDebInfo|Win32
		{E95F1FE8-68F8-39B7-85D6-D36FC5EFF74B}.RelWithDebInfo|Win32.Build.0 = RelWithDebInfo|Win32
		{DFF71D67-CA90-3087-9FFC-DA2E8A24C620}.Debug|Win32.ActiveCfg = Debug|Win32
		{DFF71D67-CA90-3087-9FFC-DA2E8A24C620}.Debug|Win32.Build.0 = Debug|Win32
		{DFF71D67-CA90-3087-9FFC-DA2E8A24C620}.Release|Win32.ActiveCfg = Release|Win32
		{DFF71D67-CA90-3087-9FFC-DA2E8A24C620}.Release|Win32.Build.0 = Release|Win32
		{DFF71D67-CA90-3087-9FFC-DA2E8A24C620}.MinSizeRel|Win32.ActiveCfg = MinSizeRel|Win32
		{DFF71D67-CA90-3087-9FFC-DA2E8A24C620}.MinSizeRel|Win32.Build.0 = MinSizeRel|Win32
		{DFF71D67-CA90-3087-9FFC-DA2E8A24C620}.RelWithDebInfo|Win32.ActiveCfg = RelWithDebInfo|Win32
		{DFF71D67-CA90-3087-9FFC-DA2E8A24C620}.RelWithDebInfo|Win32.Build.0 = RelWithDebInfo|Win32
		{D258370C-BDA5-3527-882A-1A2FE8E3A6BC}.Debug|Win32.ActiveCfg = Debug|Win32
		{D258370C-BDA5-3527-882A-1A2FE8E3A6BC}.Release|Win32.ActiveCfg = Release|Win32
		{D258370C-BDA5-3527-882A-1A2FE8E3A6BC}.MinSizeRel|Win32.ActiveCfg = MinSizeRel|Win32
		{D258370C-BDA5-3527-882A-1A2FE8E3A6BC}.RelWithDebInfo|Win32.ActiveCfg = RelWithDebInfo|Win32
		{1CE64C40-1069-3535-AE17-3D7B9CC46349}.Debug|Win32.ActiveCfg = Debug|Win32
		{1CE64C40-1069-3535-AE17-3D7B9CC46349}.Debug|Win32.Build.0 = Debug|Win32
		{1CE64C40-1069-3535-AE17-3D7B9CC46349}.Release|Win32.ActiveCfg = Release|Win32
		{1CE64C40-1069-3535-AE17-3D7B9CC46349}.Release|Win32.Build.0 = Release|Win32
		{1CE64C40-1069-3535-AE17-3D7B9CC46349}.MinSizeRel|Win32.ActiveCfg = MinSizeRel|Win32
		{1CE64C40-1069-3535-AE17-3D7B9CC46349}.MinSizeRel|Win32.Build.0 = MinSizeRel|Win32
		{1CE64C40-1069-3535-AE17-3D7B9CC46349}.RelWithDebInfo|Win32.ActiveCfg = RelWithDebInfo|Win32
		{1CE64C40-1069-3535-AE17-3D7B9CC46349}.RelWithDebInfo|Win32.Build.0 = RelWithDebInfo|Win32
		{9B1D5B2A-47CD-3D53-BD7D-DBAA0BA7E2B4}.Debug|Win32.ActiveCfg = Debug|Win32
		{9B1D5B2A-47CD-3D53-BD7D-DBAA0BA7E2B4}.Debug|Win32.Build.0 = Debug|Win32
		{9B1D5B2A-47CD-3D53-BD7D-DBAA0BA7E2B4}.Release|Win32.ActiveCfg = Release|Win32
		{9B1D5B2A-47CD-3D53-BD7D-DBAA0BA7E2B4}.Release|Win32.Build.0 = Release|Win32
		{9B1D5B2A-47CD-3D53-BD7D-DBAA0BA7E2B4}.MinSizeRel|Win32.ActiveCfg = MinSizeRel|Win32
		{9B1D5B2A-47CD-3D53-BD7D-DBAA0BA7E2B4}.MinSizeRel|Win32.Build.0 = MinSizeRel|Win32
		{9B1D5B2A-47CD-3D53-BD7D-DBAA0BA7E2B4}.RelWithDebInfo|Win32.ActiveCfg = RelWithDebInfo|Win32
		{9B1D5B2A-47CD-3D53-BD7D-DBAA0BA7E2B4}.RelWithDebInfo|Win32.Build.0 = RelWithDebInfo|Win32
		{729A1E54-2C43-35A9-A49E-566639DE5CE0}.Debug|Win32.ActiveCfg = Debug|Win32
		{729A1E54-2C43-35A9-A49E-566639DE5CE0}.Debug|Win32.Build.0 = Debug|Win32
		{729A1E54-2C43-35A9-A49E-566639DE5CE0}.Release|Win32.ActiveCfg = Release|Win32
		{729A1E54-2C43-35A9-A49E-566639DE5CE0}.Release|Win32.Build.0 = Release|Win32
		{729A1E54-2C43-35A9-A49E-566639DE5CE0}.MinSizeRel|Win32.ActiveCfg = MinSizeRel|Win32
		{729A1E54-2C43-35A9-A49E-566639DE5CE0}.MinSizeRel|Win32.Build.0 = MinSizeRel|Win32
		{729A1E54-2C43-35A9-A49E-566639DE5CE0}.RelWithDebInfo|Win32.ActiveCfg = RelWithDebInfo|Win32
		{729A1E54-2C43-35A9-A49E-566639DE5CE0}.RelWithDebInfo|Win32.Build.0 = RelWithDebInfo|Win32
	EndGlobalSection
	GlobalSection(ExtensibilityGlobals) = postSolution
		SolutionGuid = {92136A5B-56BC-3E14-83B4-E64BB94126B9}
	EndGlobalSection
	GlobalSection(ExtensibilityAddIns) = postSolution
	EndGlobalSection
EndGlobal
