<?xml version="1.0" encoding="utf-8"?>
<Project ToolsVersion="15.0" xmlns="http://schemas.microsoft.com/developer/msbuild/2003">
  <ItemGroup>
    <ClCompile Include="C:\Users\Björn Sonnen\Desktop\OpenGL\External Libs\assimp-4.1.0\contrib\zlib\adler32.c">
      <Filter>Source Files</Filter>
    </ClCompile>
    <ClCompile Include="C:\Users\Björn Sonnen\Desktop\OpenGL\External Libs\assimp-4.1.0\contrib\zlib\compress.c">
      <Filter>Source Files</Filter>
    </ClCompile>
    <ClCompile Include="C:\Users\Björn Sonnen\Desktop\OpenGL\External Libs\assimp-4.1.0\contrib\zlib\crc32.c">
      <Filter>Source Files</Filter>
    </ClCompile>
    <ClCompile Include="C:\Users\Björn Sonnen\Desktop\OpenGL\External Libs\assimp-4.1.0\contrib\zlib\deflate.c">
      <Filter>Source Files</Filter>
    </ClCompile>
    <ClCompile Include="C:\Users\Björn Sonnen\Desktop\OpenGL\External Libs\assimp-4.1.0\contrib\zlib\gzclose.c">
      <Filter>Source Files</Filter>
    </ClCompile>
    <ClCompile Include="C:\Users\Björn Sonnen\Desktop\OpenGL\External Libs\assimp-4.1.0\contrib\zlib\gzlib.c">
      <Filter>Source Files</Filter>
    </ClCompile>
    <ClCompile Include="C:\Users\Björn Sonnen\Desktop\OpenGL\External Libs\assimp-4.1.0\contrib\zlib\gzread.c">
      <Filter>Source Files</Filter>
    </ClCompile>
    <ClCompile Include="C:\Users\Björn Sonnen\Desktop\OpenGL\External Libs\assimp-4.1.0\contrib\zlib\gzwrite.c">
      <Filter>Source Files</Filter>
    </ClCompile>
    <ClCompile Include="C:\Users\Björn Sonnen\Desktop\OpenGL\External Libs\assimp-4.1.0\contrib\zlib\inflate.c">
      <Filter>Source Files</Filter>
    </ClCompile>
    <ClCompile Include="C:\Users\Björn Sonnen\Desktop\OpenGL\External Libs\assimp-4.1.0\contrib\zlib\infback.c">
      <Filter>Source Files</Filter>
    </ClCompile>
    <ClCompile Include="C:\Users\Björn Sonnen\Desktop\OpenGL\External Libs\assimp-4.1.0\contrib\zlib\inftrees.c">
      <Filter>Source Files</Filter>
    </ClCompile>
    <ClCompile Include="C:\Users\Björn Sonnen\Desktop\OpenGL\External Libs\assimp-4.1.0\contrib\zlib\inffast.c">
      <Filter>Source Files</Filter>
    </ClCompile>
    <ClCompile Include="C:\Users\Björn Sonnen\Desktop\OpenGL\External Libs\assimp-4.1.0\contrib\zlib\trees.c">
      <Filter>Source Files</Filter>
    </ClCompile>
    <ClCompile Include="C:\Users\Björn Sonnen\Desktop\OpenGL\External Libs\assimp-4.1.0\contrib\zlib\uncompr.c">
      <Filter>Source Files</Filter>
    </ClCompile>
    <ClCompile Include="C:\Users\Björn Sonnen\Desktop\OpenGL\External Libs\assimp-4.1.0\contrib\zlib\zutil.c">
      <Filter>Source Files</Filter>
    </ClCompile>
  </ItemGroup>
  <ItemGroup>
    <ClInclude Include="C:\Users\Björn Sonnen\Desktop\OpenGL\External Libs\assimp-4.1.0\contrib\zlib\zconf.h">
      <Filter>Header Files</Filter>
    </ClInclude>
    <ClInclude Include="C:\Users\Björn Sonnen\Desktop\OpenGL\External Libs\assimp-4.1.0\contrib\zlib\zlib.h">
      <Filter>Header Files</Filter>
    </ClInclude>
    <ClInclude Include="C:\Users\Björn Sonnen\Desktop\OpenGL\External Libs\assimp-4.1.0\contrib\zlib\crc32.h">
      <Filter>Header Files</Filter>
    </ClInclude>
    <ClInclude Include="C:\Users\Björn Sonnen\Desktop\OpenGL\External Libs\assimp-4.1.0\contrib\zlib\deflate.h">
      <Filter>Header Files</Filter>
    </ClInclude>
    <ClInclude Include="C:\Users\Björn Sonnen\Desktop\OpenGL\External Libs\assimp-4.1.0\contrib\zlib\gzguts.h">
      <Filter>Header Files</Filter>
    </ClInclude>
    <ClInclude Include="C:\Users\Björn Sonnen\Desktop\OpenGL\External Libs\assimp-4.1.0\contrib\zlib\inffast.h">
      <Filter>Header Files</Filter>
    </ClInclude>
    <ClInclude Include="C:\Users\Björn Sonnen\Desktop\OpenGL\External Libs\assimp-4.1.0\contrib\zlib\inffixed.h">
      <Filter>Header Files</Filter>
    </ClInclude>
    <ClInclude Include="C:\Users\Björn Sonnen\Desktop\OpenGL\External Libs\assimp-4.1.0\contrib\zlib\inflate.h">
      <Filter>Header Files</Filter>
    </ClInclude>
    <ClInclude Include="C:\Users\Björn Sonnen\Desktop\OpenGL\External Libs\assimp-4.1.0\contrib\zlib\inftrees.h">
      <Filter>Header Files</Filter>
    </ClInclude>
    <ClInclude Include="C:\Users\Björn Sonnen\Desktop\OpenGL\External Libs\assimp-4.1.0\contrib\zlib\trees.h">
      <Filter>Header Files</Filter>
    </ClInclude>
    <ClInclude Include="C:\Users\Björn Sonnen\Desktop\OpenGL\External Libs\assimp-4.1.0\contrib\zlib\zutil.h">
      <Filter>Header Files</Filter>
    </ClInclude>
  </ItemGroup>
  <ItemGroup>
    <CustomBuild Include="C:\Users\Björn Sonnen\Desktop\OpenGL\External Libs\assimp-4.1.0\contrib\zlib\CMakeLists.txt" />
  </ItemGroup>
  <ItemGroup>
    <Filter Include="Header Files">
      <UniqueIdentifier>{5D5167A3-3AB1-3CD1-A60D-BFD08C0C2B72}</UniqueIdentifier>
    </Filter>
    <Filter Include="Source Files">
      <UniqueIdentifier>{DFA76256-AB56-3D2F-80A0-F9BC59529CF5}</UniqueIdentifier>
    </Filter>
  </ItemGroup>
</Project>
